
Microsoft Visual Studio Solution File, Format Version 12.00
# Visual Studio Version 16
VisualStudioVersion = 16.0.33529.622
MinimumVisualStudioVersion = 10.0.40219.1
Project("{FAE04EC0-301F-11D3-BF4B-00C04F79EFBC}") = "DE01", "DE01\DE01.csproj", "{D7D28541-9F38-4C16-9580-9999B20F8FC9}"
EndProject
Global
	GlobalSection(SolutionConfigurationPlatforms) = preSolution
		Debug|Any CPU = Debug|Any CPU
		Release|Any CPU = Release|Any CPU
	EndGlobalSection
	GlobalSection(ProjectConfigurationPlatforms) = postSolution
		{D7D28541-9F38-4C16-9580-9999B20F8FC9}.Debug|Any CPU.ActiveCfg = Debug|Any CPU
		{D7D28541-9F38-4C16-9580-9999B20F8FC9}.Debug|Any CPU.Build.0 = Debug|Any CPU
		{D7D28541-9F38-4C16-9580-9999B20F8FC9}.Release|Any CPU.ActiveCfg = Release|Any CPU
		{D7D28541-9F38-4C16-9580-9999B20F8FC9}.Release|Any CPU.Build.0 = Release|Any CPU
	EndGlobalSection
	GlobalSection(SolutionProperties) = preSolution
		HideSolutionNode = FALSE
	EndGlobalSection
	GlobalSection(ExtensibilityGlobals) = postSolution
		SolutionGuid = {3AA0D57F-27BF-478A-A506-090951BE2444}
	EndGlobalSection
EndGlobal
