
Microsoft Visual Studio Solution File, Format Version 12.00
# Visual Studio Version 16
VisualStudioVersion = 16.0.33529.622
MinimumVisualStudioVersion = 10.0.40219.1
Project("{FAE04EC0-301F-11D3-BF4B-00C04F79EFBC}") = "Baitap1", "Baitap1\Baitap1.csproj", "{57538B88-3EAD-47D0-957F-1F6D51382748}"
EndProject
Global
	GlobalSection(SolutionConfigurationPlatforms) = preSolution
		Debug|Any CPU = Debug|Any CPU
		Release|Any CPU = Release|Any CPU
	EndGlobalSection
	GlobalSection(ProjectConfigurationPlatforms) = postSolution
		{57538B88-3EAD-47D0-957F-1F6D51382748}.Debug|Any CPU.ActiveCfg = Debug|Any CPU
		{57538B88-3EAD-47D0-957F-1F6D51382748}.Debug|Any CPU.Build.0 = Debug|Any CPU
		{57538B88-3EAD-47D0-957F-1F6D51382748}.Release|Any CPU.ActiveCfg = Release|Any CPU
		{57538B88-3EAD-47D0-957F-1F6D51382748}.Release|Any CPU.Build.0 = Release|Any CPU
	EndGlobalSection
	GlobalSection(SolutionProperties) = preSolution
		HideSolutionNode = FALSE
	EndGlobalSection
	GlobalSection(ExtensibilityGlobals) = postSolution
		SolutionGuid = {856E90B4-F730-43B7-8BDB-1796DA32706D}
	EndGlobalSection
EndGlobal
